
Microsoft Visual Studio Solution File, Format Version 12.00
# Visual Studio 2012
Project("{FAE04EC0-301F-11D3-BF4B-00C04F79EFBC}") = "Responsive", "Responsive\Responsive.csproj", "{9FFB5CC5-3041-4A19-987C-EB96AF2FC800}"
EndProject
Global
	GlobalSection(SolutionConfigurationPlatforms) = preSolution
		Debug|Any CPU = Debug|Any CPU
		Release|Any CPU = Release|Any CPU
	EndGlobalSection
	GlobalSection(ProjectConfigurationPlatforms) = postSolution
		{9FFB5CC5-3041-4A19-987C-EB96AF2FC800}.Debug|Any CPU.ActiveCfg = Debug|Any CPU
		{9FFB5CC5-3041-4A19-987C-EB96AF2FC800}.Debug|Any CPU.Build.0 = Debug|Any CPU
		{9FFB5CC5-3041-4A19-987C-EB96AF2FC800}.Release|Any CPU.ActiveCfg = Release|Any CPU
		{9FFB5CC5-3041-4A19-987C-EB96AF2FC800}.Release|Any CPU.Build.0 = Release|Any CPU
	EndGlobalSection
	GlobalSection(MonoDevelopProperties) = preSolution
		StartupItem = Responsive\Responsive.csproj
	EndGlobalSection
EndGlobal
