
Microsoft Visual Studio Solution File, Format Version 12.00
# Visual Studio 2013
VisualStudioVersion = 12.0.30501.0
MinimumVisualStudioVersion = 10.0.40219.1
Project("{FAE04EC0-301F-11D3-BF4B-00C04F79EFBC}") = "MvvmXamarin", "MvvmCrossXamarin\MvvmXamarin.csproj", "{E149AC90-EC96-4EC1-8F26-DFFED13D75E8}"
EndProject
Project("{FAE04EC0-301F-11D3-BF4B-00C04F79EFBC}") = "MvvmXamarin.Android", "MvvmCrossXamarin.Android\MvvmXamarin.Android.csproj", "{A323917A-0ED5-460D-9CA3-D9E28EA40BF4}"
EndProject
Project("{FAE04EC0-301F-11D3-BF4B-00C04F79EFBC}") = "MvvmXamarin.iOS", "MvvmCrossXamarin.iOS\MvvmXamarin.iOS.csproj", "{A1C302CA-C5AB-4475-9DA6-1051F75A0011}"
EndProject
Project("{FAE04EC0-301F-11D3-BF4B-00C04F79EFBC}") = "MvvmXamarin.WPhone", "MvvmCrossXamarin.WPhone\MvvmXamarin.WPhone.csproj", "{C5FA83F4-1035-45AA-BD3A-A177F254A281}"
EndProject
Project("{FAE04EC0-301F-11D3-BF4B-00C04F79EFBC}") = "MvvmXamarin.W81", "MvvmCrossXamarin.W81\MvvmXamarin.W81.csproj", "{736D3C0E-9A1E-4BD3-9606-F1F30E924DA2}"
EndProject
Global
	GlobalSection(SolutionConfigurationPlatforms) = preSolution
		Ad-Hoc|Any CPU = Ad-Hoc|Any CPU
		Ad-Hoc|ARM = Ad-Hoc|ARM
		Ad-Hoc|iPhone = Ad-Hoc|iPhone
		Ad-Hoc|iPhoneSimulator = Ad-Hoc|iPhoneSimulator
		Ad-Hoc|Mixed Platforms = Ad-Hoc|Mixed Platforms
		Ad-Hoc|x64 = Ad-Hoc|x64
		Ad-Hoc|x86 = Ad-Hoc|x86
		AppStore|Any CPU = AppStore|Any CPU
		AppStore|ARM = AppStore|ARM
		AppStore|iPhone = AppStore|iPhone
		AppStore|iPhoneSimulator = AppStore|iPhoneSimulator
		AppStore|Mixed Platforms = AppStore|Mixed Platforms
		AppStore|x64 = AppStore|x64
		AppStore|x86 = AppStore|x86
		Debug|Any CPU = Debug|Any CPU
		Debug|ARM = Debug|ARM
		Debug|iPhone = Debug|iPhone
		Debug|iPhoneSimulator = Debug|iPhoneSimulator
		Debug|Mixed Platforms = Debug|Mixed Platforms
		Debug|x64 = Debug|x64
		Debug|x86 = Debug|x86
		Release|Any CPU = Release|Any CPU
		Release|ARM = Release|ARM
		Release|iPhone = Release|iPhone
		Release|iPhoneSimulator = Release|iPhoneSimulator
		Release|Mixed Platforms = Release|Mixed Platforms
		Release|x64 = Release|x64
		Release|x86 = Release|x86
	EndGlobalSection
	GlobalSection(ProjectConfigurationPlatforms) = postSolution
		{E149AC90-EC96-4EC1-8F26-DFFED13D75E8}.Ad-Hoc|Any CPU.ActiveCfg = Release|Any CPU
		{E149AC90-EC96-4EC1-8F26-DFFED13D75E8}.Ad-Hoc|Any CPU.Build.0 = Release|Any CPU
		{E149AC90-EC96-4EC1-8F26-DFFED13D75E8}.Ad-Hoc|ARM.ActiveCfg = Release|Any CPU
		{E149AC90-EC96-4EC1-8F26-DFFED13D75E8}.Ad-Hoc|iPhone.ActiveCfg = Debug|Any CPU
		{E149AC90-EC96-4EC1-8F26-DFFED13D75E8}.Ad-Hoc|iPhone.Build.0 = Debug|Any CPU
		{E149AC90-EC96-4EC1-8F26-DFFED13D75E8}.Ad-Hoc|iPhoneSimulator.ActiveCfg = Release|Any CPU
		{E149AC90-EC96-4EC1-8F26-DFFED13D75E8}.Ad-Hoc|Mixed Platforms.ActiveCfg = Release|Any CPU
		{E149AC90-EC96-4EC1-8F26-DFFED13D75E8}.Ad-Hoc|Mixed Platforms.Build.0 = Release|Any CPU
		{E149AC90-EC96-4EC1-8F26-DFFED13D75E8}.Ad-Hoc|x64.ActiveCfg = Release|Any CPU
		{E149AC90-EC96-4EC1-8F26-DFFED13D75E8}.Ad-Hoc|x86.ActiveCfg = Release|Any CPU
		{E149AC90-EC96-4EC1-8F26-DFFED13D75E8}.AppStore|Any CPU.ActiveCfg = Release|Any CPU
		{E149AC90-EC96-4EC1-8F26-DFFED13D75E8}.AppStore|Any CPU.Build.0 = Release|Any CPU
		{E149AC90-EC96-4EC1-8F26-DFFED13D75E8}.AppStore|ARM.ActiveCfg = Release|Any CPU
		{E149AC90-EC96-4EC1-8F26-DFFED13D75E8}.AppStore|iPhone.ActiveCfg = Debug|Any CPU
		{E149AC90-EC96-4EC1-8F26-DFFED13D75E8}.AppStore|iPhone.Build.0 = Debug|Any CPU
		{E149AC90-EC96-4EC1-8F26-DFFED13D75E8}.AppStore|iPhoneSimulator.ActiveCfg = Release|Any CPU
		{E149AC90-EC96-4EC1-8F26-DFFED13D75E8}.AppStore|Mixed Platforms.ActiveCfg = Release|Any CPU
		{E149AC90-EC96-4EC1-8F26-DFFED13D75E8}.AppStore|Mixed Platforms.Build.0 = Release|Any CPU
		{E149AC90-EC96-4EC1-8F26-DFFED13D75E8}.AppStore|x64.ActiveCfg = Release|Any CPU
		{E149AC90-EC96-4EC1-8F26-DFFED13D75E8}.AppStore|x86.ActiveCfg = Release|Any CPU
		{E149AC90-EC96-4EC1-8F26-DFFED13D75E8}.Debug|Any CPU.ActiveCfg = Debug|Any CPU
		{E149AC90-EC96-4EC1-8F26-DFFED13D75E8}.Debug|Any CPU.Build.0 = Debug|Any CPU
		{E149AC90-EC96-4EC1-8F26-DFFED13D75E8}.Debug|ARM.ActiveCfg = Debug|Any CPU
		{E149AC90-EC96-4EC1-8F26-DFFED13D75E8}.Debug|iPhone.ActiveCfg = Debug|Any CPU
		{E149AC90-EC96-4EC1-8F26-DFFED13D75E8}.Debug|iPhone.Build.0 = Debug|Any CPU
		{E149AC90-EC96-4EC1-8F26-DFFED13D75E8}.Debug|iPhoneSimulator.ActiveCfg = Debug|Any CPU
		{E149AC90-EC96-4EC1-8F26-DFFED13D75E8}.Debug|iPhoneSimulator.Build.0 = Debug|Any CPU
		{E149AC90-EC96-4EC1-8F26-DFFED13D75E8}.Debug|Mixed Platforms.ActiveCfg = Debug|Any CPU
		{E149AC90-EC96-4EC1-8F26-DFFED13D75E8}.Debug|Mixed Platforms.Build.0 = Debug|Any CPU
		{E149AC90-EC96-4EC1-8F26-DFFED13D75E8}.Debug|x64.ActiveCfg = Debug|Any CPU
		{E149AC90-EC96-4EC1-8F26-DFFED13D75E8}.Debug|x86.ActiveCfg = Debug|Any CPU
		{E149AC90-EC96-4EC1-8F26-DFFED13D75E8}.Release|Any CPU.ActiveCfg = Release|Any CPU
		{E149AC90-EC96-4EC1-8F26-DFFED13D75E8}.Release|Any CPU.Build.0 = Release|Any CPU
		{E149AC90-EC96-4EC1-8F26-DFFED13D75E8}.Release|ARM.ActiveCfg = Release|Any CPU
		{E149AC90-EC96-4EC1-8F26-DFFED13D75E8}.Release|iPhone.ActiveCfg = Release|Any CPU
		{E149AC90-EC96-4EC1-8F26-DFFED13D75E8}.Release|iPhone.Build.0 = Release|Any CPU
		{E149AC90-EC96-4EC1-8F26-DFFED13D75E8}.Release|iPhoneSimulator.ActiveCfg = Release|Any CPU
		{E149AC90-EC96-4EC1-8F26-DFFED13D75E8}.Release|iPhoneSimulator.Build.0 = Release|Any CPU
		{E149AC90-EC96-4EC1-8F26-DFFED13D75E8}.Release|Mixed Platforms.ActiveCfg = Release|Any CPU
		{E149AC90-EC96-4EC1-8F26-DFFED13D75E8}.Release|Mixed Platforms.Build.0 = Release|Any CPU
		{E149AC90-EC96-4EC1-8F26-DFFED13D75E8}.Release|x64.ActiveCfg = Release|Any CPU
		{E149AC90-EC96-4EC1-8F26-DFFED13D75E8}.Release|x86.ActiveCfg = Release|Any CPU
		{A323917A-0ED5-460D-9CA3-D9E28EA40BF4}.Ad-Hoc|Any CPU.ActiveCfg = Release|Any CPU
		{A323917A-0ED5-460D-9CA3-D9E28EA40BF4}.Ad-Hoc|Any CPU.Build.0 = Release|Any CPU
		{A323917A-0ED5-460D-9CA3-D9E28EA40BF4}.Ad-Hoc|Any CPU.Deploy.0 = Release|Any CPU
		{A323917A-0ED5-460D-9CA3-D9E28EA40BF4}.Ad-Hoc|ARM.ActiveCfg = Release|Any CPU
		{A323917A-0ED5-460D-9CA3-D9E28EA40BF4}.Ad-Hoc|iPhone.ActiveCfg = Debug|Any CPU
		{A323917A-0ED5-460D-9CA3-D9E28EA40BF4}.Ad-Hoc|iPhone.Build.0 = Debug|Any CPU
		{A323917A-0ED5-460D-9CA3-D9E28EA40BF4}.Ad-Hoc|iPhoneSimulator.ActiveCfg = Release|Any CPU
		{A323917A-0ED5-460D-9CA3-D9E28EA40BF4}.Ad-Hoc|Mixed Platforms.ActiveCfg = Release|Any CPU
		{A323917A-0ED5-460D-9CA3-D9E28EA40BF4}.Ad-Hoc|Mixed Platforms.Build.0 = Release|Any CPU
		{A323917A-0ED5-460D-9CA3-D9E28EA40BF4}.Ad-Hoc|Mixed Platforms.Deploy.0 = Release|Any CPU
		{A323917A-0ED5-460D-9CA3-D9E28EA40BF4}.Ad-Hoc|x64.ActiveCfg = Release|Any CPU
		{A323917A-0ED5-460D-9CA3-D9E28EA40BF4}.Ad-Hoc|x86.ActiveCfg = Release|Any CPU
		{A323917A-0ED5-460D-9CA3-D9E28EA40BF4}.AppStore|Any CPU.ActiveCfg = Release|Any CPU
		{A323917A-0ED5-460D-9CA3-D9E28EA40BF4}.AppStore|Any CPU.Build.0 = Release|Any CPU
		{A323917A-0ED5-460D-9CA3-D9E28EA40BF4}.AppStore|Any CPU.Deploy.0 = Release|Any CPU
		{A323917A-0ED5-460D-9CA3-D9E28EA40BF4}.AppStore|ARM.ActiveCfg = Release|Any CPU
		{A323917A-0ED5-460D-9CA3-D9E28EA40BF4}.AppStore|iPhone.ActiveCfg = Debug|Any CPU
		{A323917A-0ED5-460D-9CA3-D9E28EA40BF4}.AppStore|iPhone.Build.0 = Debug|Any CPU
		{A323917A-0ED5-460D-9CA3-D9E28EA40BF4}.AppStore|iPhoneSimulator.ActiveCfg = Release|Any CPU
		{A323917A-0ED5-460D-9CA3-D9E28EA40BF4}.AppStore|Mixed Platforms.ActiveCfg = Release|Any CPU
		{A323917A-0ED5-460D-9CA3-D9E28EA40BF4}.AppStore|Mixed Platforms.Build.0 = Release|Any CPU
		{A323917A-0ED5-460D-9CA3-D9E28EA40BF4}.AppStore|Mixed Platforms.Deploy.0 = Release|Any CPU
		{A323917A-0ED5-460D-9CA3-D9E28EA40BF4}.AppStore|x64.ActiveCfg = Release|Any CPU
		{A323917A-0ED5-460D-9CA3-D9E28EA40BF4}.AppStore|x86.ActiveCfg = Release|Any CPU
		{A323917A-0ED5-460D-9CA3-D9E28EA40BF4}.Debug|Any CPU.ActiveCfg = Debug|Any CPU
		{A323917A-0ED5-460D-9CA3-D9E28EA40BF4}.Debug|Any CPU.Build.0 = Debug|Any CPU
		{A323917A-0ED5-460D-9CA3-D9E28EA40BF4}.Debug|ARM.ActiveCfg = Debug|Any CPU
		{A323917A-0ED5-460D-9CA3-D9E28EA40BF4}.Debug|iPhone.ActiveCfg = Debug|Any CPU
		{A323917A-0ED5-460D-9CA3-D9E28EA40BF4}.Debug|iPhone.Build.0 = Debug|Any CPU
		{A323917A-0ED5-460D-9CA3-D9E28EA40BF4}.Debug|iPhoneSimulator.ActiveCfg = Debug|Any CPU
		{A323917A-0ED5-460D-9CA3-D9E28EA40BF4}.Debug|iPhoneSimulator.Build.0 = Debug|Any CPU
		{A323917A-0ED5-460D-9CA3-D9E28EA40BF4}.Debug|iPhoneSimulator.Deploy.0 = Debug|Any CPU
		{A323917A-0ED5-460D-9CA3-D9E28EA40BF4}.Debug|Mixed Platforms.ActiveCfg = Debug|Any CPU
		{A323917A-0ED5-460D-9CA3-D9E28EA40BF4}.Debug|Mixed Platforms.Build.0 = Debug|Any CPU
		{A323917A-0ED5-460D-9CA3-D9E28EA40BF4}.Debug|Mixed Platforms.Deploy.0 = Debug|Any CPU
		{A323917A-0ED5-460D-9CA3-D9E28EA40BF4}.Debug|x64.ActiveCfg = Debug|Any CPU
		{A323917A-0ED5-460D-9CA3-D9E28EA40BF4}.Debug|x86.ActiveCfg = Debug|Any CPU
		{A323917A-0ED5-460D-9CA3-D9E28EA40BF4}.Release|Any CPU.ActiveCfg = Release|Any CPU
		{A323917A-0ED5-460D-9CA3-D9E28EA40BF4}.Release|Any CPU.Build.0 = Release|Any CPU
		{A323917A-0ED5-460D-9CA3-D9E28EA40BF4}.Release|ARM.ActiveCfg = Release|Any CPU
		{A323917A-0ED5-460D-9CA3-D9E28EA40BF4}.Release|iPhone.ActiveCfg = Release|Any CPU
		{A323917A-0ED5-460D-9CA3-D9E28EA40BF4}.Release|iPhone.Build.0 = Release|Any CPU
		{A323917A-0ED5-460D-9CA3-D9E28EA40BF4}.Release|iPhoneSimulator.ActiveCfg = Release|Any CPU
		{A323917A-0ED5-460D-9CA3-D9E28EA40BF4}.Release|iPhoneSimulator.Build.0 = Release|Any CPU
		{A323917A-0ED5-460D-9CA3-D9E28EA40BF4}.Release|Mixed Platforms.ActiveCfg = Release|Any CPU
		{A323917A-0ED5-460D-9CA3-D9E28EA40BF4}.Release|Mixed Platforms.Build.0 = Release|Any CPU
		{A323917A-0ED5-460D-9CA3-D9E28EA40BF4}.Release|Mixed Platforms.Deploy.0 = Release|Any CPU
		{A323917A-0ED5-460D-9CA3-D9E28EA40BF4}.Release|x64.ActiveCfg = Release|Any CPU
		{A323917A-0ED5-460D-9CA3-D9E28EA40BF4}.Release|x86.ActiveCfg = Release|Any CPU
		{A1C302CA-C5AB-4475-9DA6-1051F75A0011}.Ad-Hoc|Any CPU.ActiveCfg = Ad-Hoc|iPhoneSimulator
		{A1C302CA-C5AB-4475-9DA6-1051F75A0011}.Ad-Hoc|ARM.ActiveCfg = Ad-Hoc|iPhoneSimulator
		{A1C302CA-C5AB-4475-9DA6-1051F75A0011}.Ad-Hoc|iPhone.ActiveCfg = Ad-Hoc|iPhone
		{A1C302CA-C5AB-4475-9DA6-1051F75A0011}.Ad-Hoc|iPhone.Build.0 = Ad-Hoc|iPhone
		{A1C302CA-C5AB-4475-9DA6-1051F75A0011}.Ad-Hoc|iPhoneSimulator.ActiveCfg = Ad-Hoc|iPhoneSimulator
		{A1C302CA-C5AB-4475-9DA6-1051F75A0011}.Ad-Hoc|iPhoneSimulator.Build.0 = Ad-Hoc|iPhoneSimulator
		{A1C302CA-C5AB-4475-9DA6-1051F75A0011}.Ad-Hoc|iPhoneSimulator.Deploy.0 = Ad-Hoc|iPhoneSimulator
		{A1C302CA-C5AB-4475-9DA6-1051F75A0011}.Ad-Hoc|Mixed Platforms.ActiveCfg = Ad-Hoc|iPhoneSimulator
		{A1C302CA-C5AB-4475-9DA6-1051F75A0011}.Ad-Hoc|Mixed Platforms.Build.0 = Ad-Hoc|iPhoneSimulator
		{A1C302CA-C5AB-4475-9DA6-1051F75A0011}.Ad-Hoc|Mixed Platforms.Deploy.0 = Ad-Hoc|iPhoneSimulator
		{A1C302CA-C5AB-4475-9DA6-1051F75A0011}.Ad-Hoc|x64.ActiveCfg = Ad-Hoc|iPhoneSimulator
		{A1C302CA-C5AB-4475-9DA6-1051F75A0011}.Ad-Hoc|x86.ActiveCfg = Ad-Hoc|iPhoneSimulator
		{A1C302CA-C5AB-4475-9DA6-1051F75A0011}.AppStore|Any CPU.ActiveCfg = AppStore|iPhoneSimulator
		{A1C302CA-C5AB-4475-9DA6-1051F75A0011}.AppStore|ARM.ActiveCfg = AppStore|iPhoneSimulator
		{A1C302CA-C5AB-4475-9DA6-1051F75A0011}.AppStore|iPhone.ActiveCfg = AppStore|iPhone
		{A1C302CA-C5AB-4475-9DA6-1051F75A0011}.AppStore|iPhone.Build.0 = AppStore|iPhone
		{A1C302CA-C5AB-4475-9DA6-1051F75A0011}.AppStore|iPhoneSimulator.ActiveCfg = AppStore|iPhoneSimulator
		{A1C302CA-C5AB-4475-9DA6-1051F75A0011}.AppStore|iPhoneSimulator.Build.0 = AppStore|iPhoneSimulator
		{A1C302CA-C5AB-4475-9DA6-1051F75A0011}.AppStore|iPhoneSimulator.Deploy.0 = AppStore|iPhoneSimulator
		{A1C302CA-C5AB-4475-9DA6-1051F75A0011}.AppStore|Mixed Platforms.ActiveCfg = AppStore|iPhoneSimulator
		{A1C302CA-C5AB-4475-9DA6-1051F75A0011}.AppStore|Mixed Platforms.Build.0 = AppStore|iPhoneSimulator
		{A1C302CA-C5AB-4475-9DA6-1051F75A0011}.AppStore|Mixed Platforms.Deploy.0 = AppStore|iPhoneSimulator
		{A1C302CA-C5AB-4475-9DA6-1051F75A0011}.AppStore|x64.ActiveCfg = AppStore|iPhoneSimulator
		{A1C302CA-C5AB-4475-9DA6-1051F75A0011}.AppStore|x86.ActiveCfg = AppStore|iPhoneSimulator
		{A1C302CA-C5AB-4475-9DA6-1051F75A0011}.Debug|Any CPU.ActiveCfg = Debug|iPhoneSimulator
		{A1C302CA-C5AB-4475-9DA6-1051F75A0011}.Debug|Any CPU.Build.0 = Debug|iPhoneSimulator
		{A1C302CA-C5AB-4475-9DA6-1051F75A0011}.Debug|ARM.ActiveCfg = Debug|iPhone
		{A1C302CA-C5AB-4475-9DA6-1051F75A0011}.Debug|iPhone.ActiveCfg = Debug|iPhone
		{A1C302CA-C5AB-4475-9DA6-1051F75A0011}.Debug|iPhone.Build.0 = Debug|iPhone
		{A1C302CA-C5AB-4475-9DA6-1051F75A0011}.Debug|iPhoneSimulator.ActiveCfg = Debug|iPhoneSimulator
		{A1C302CA-C5AB-4475-9DA6-1051F75A0011}.Debug|iPhoneSimulator.Build.0 = Debug|iPhoneSimulator
		{A1C302CA-C5AB-4475-9DA6-1051F75A0011}.Debug|iPhoneSimulator.Deploy.0 = Debug|iPhoneSimulator
		{A1C302CA-C5AB-4475-9DA6-1051F75A0011}.Debug|Mixed Platforms.ActiveCfg = Debug|iPhone
		{A1C302CA-C5AB-4475-9DA6-1051F75A0011}.Debug|Mixed Platforms.Build.0 = Debug|iPhone
		{A1C302CA-C5AB-4475-9DA6-1051F75A0011}.Debug|Mixed Platforms.Deploy.0 = Debug|iPhone
		{A1C302CA-C5AB-4475-9DA6-1051F75A0011}.Debug|x64.ActiveCfg = Debug|iPhone
		{A1C302CA-C5AB-4475-9DA6-1051F75A0011}.Debug|x86.ActiveCfg = Debug|iPhone
		{A1C302CA-C5AB-4475-9DA6-1051F75A0011}.Release|Any CPU.ActiveCfg = Release|iPhoneSimulator
		{A1C302CA-C5AB-4475-9DA6-1051F75A0011}.Release|Any CPU.Build.0 = Release|iPhoneSimulator
		{A1C302CA-C5AB-4475-9DA6-1051F75A0011}.Release|ARM.ActiveCfg = Release|iPhone
		{A1C302CA-C5AB-4475-9DA6-1051F75A0011}.Release|iPhone.ActiveCfg = Release|iPhone
		{A1C302CA-C5AB-4475-9DA6-1051F75A0011}.Release|iPhone.Build.0 = Release|iPhone
		{A1C302CA-C5AB-4475-9DA6-1051F75A0011}.Release|iPhoneSimulator.ActiveCfg = Release|iPhoneSimulator
		{A1C302CA-C5AB-4475-9DA6-1051F75A0011}.Release|iPhoneSimulator.Build.0 = Release|iPhoneSimulator
		{A1C302CA-C5AB-4475-9DA6-1051F75A0011}.Release|Mixed Platforms.ActiveCfg = Release|iPhone
		{A1C302CA-C5AB-4475-9DA6-1051F75A0011}.Release|Mixed Platforms.Build.0 = Release|iPhone
		{A1C302CA-C5AB-4475-9DA6-1051F75A0011}.Release|Mixed Platforms.Deploy.0 = Release|iPhone
		{A1C302CA-C5AB-4475-9DA6-1051F75A0011}.Release|x64.ActiveCfg = Release|iPhone
		{A1C302CA-C5AB-4475-9DA6-1051F75A0011}.Release|x86.ActiveCfg = Release|iPhone
		{C5FA83F4-1035-45AA-BD3A-A177F254A281}.Ad-Hoc|Any CPU.ActiveCfg = Release|Any CPU
		{C5FA83F4-1035-45AA-BD3A-A177F254A281}.Ad-Hoc|Any CPU.Build.0 = Release|Any CPU
		{C5FA83F4-1035-45AA-BD3A-A177F254A281}.Ad-Hoc|Any CPU.Deploy.0 = Release|Any CPU
		{C5FA83F4-1035-45AA-BD3A-A177F254A281}.Ad-Hoc|ARM.ActiveCfg = Release|ARM
		{C5FA83F4-1035-45AA-BD3A-A177F254A281}.Ad-Hoc|ARM.Build.0 = Release|ARM
		{C5FA83F4-1035-45AA-BD3A-A177F254A281}.Ad-Hoc|ARM.Deploy.0 = Release|ARM
		{C5FA83F4-1035-45AA-BD3A-A177F254A281}.Ad-Hoc|iPhone.ActiveCfg = Release|Any CPU
		{C5FA83F4-1035-45AA-BD3A-A177F254A281}.Ad-Hoc|iPhoneSimulator.ActiveCfg = Release|Any CPU
		{C5FA83F4-1035-45AA-BD3A-A177F254A281}.Ad-Hoc|Mixed Platforms.ActiveCfg = Release|x86
		{C5FA83F4-1035-45AA-BD3A-A177F254A281}.Ad-Hoc|Mixed Platforms.Build.0 = Release|x86
		{C5FA83F4-1035-45AA-BD3A-A177F254A281}.Ad-Hoc|Mixed Platforms.Deploy.0 = Release|x86
		{C5FA83F4-1035-45AA-BD3A-A177F254A281}.Ad-Hoc|x64.ActiveCfg = Release|Any CPU
		{C5FA83F4-1035-45AA-BD3A-A177F254A281}.Ad-Hoc|x86.ActiveCfg = Release|x86
		{C5FA83F4-1035-45AA-BD3A-A177F254A281}.Ad-Hoc|x86.Build.0 = Release|x86
		{C5FA83F4-1035-45AA-BD3A-A177F254A281}.Ad-Hoc|x86.Deploy.0 = Release|x86
		{C5FA83F4-1035-45AA-BD3A-A177F254A281}.AppStore|Any CPU.ActiveCfg = Release|Any CPU
		{C5FA83F4-1035-45AA-BD3A-A177F254A281}.AppStore|Any CPU.Build.0 = Release|Any CPU
		{C5FA83F4-1035-45AA-BD3A-A177F254A281}.AppStore|Any CPU.Deploy.0 = Release|Any CPU
		{C5FA83F4-1035-45AA-BD3A-A177F254A281}.AppStore|ARM.ActiveCfg = Release|ARM
		{C5FA83F4-1035-45AA-BD3A-A177F254A281}.AppStore|ARM.Build.0 = Release|ARM
		{C5FA83F4-1035-45AA-BD3A-A177F254A281}.AppStore|ARM.Deploy.0 = Release|ARM
		{C5FA83F4-1035-45AA-BD3A-A177F254A281}.AppStore|iPhone.ActiveCfg = Release|Any CPU
		{C5FA83F4-1035-45AA-BD3A-A177F254A281}.AppStore|iPhoneSimulator.ActiveCfg = Release|Any CPU
		{C5FA83F4-1035-45AA-BD3A-A177F254A281}.AppStore|Mixed Platforms.ActiveCfg = Release|x86
		{C5FA83F4-1035-45AA-BD3A-A177F254A281}.AppStore|Mixed Platforms.Build.0 = Release|x86
		{C5FA83F4-1035-45AA-BD3A-A177F254A281}.AppStore|Mixed Platforms.Deploy.0 = Release|x86
		{C5FA83F4-1035-45AA-BD3A-A177F254A281}.AppStore|x64.ActiveCfg = Release|Any CPU
		{C5FA83F4-1035-45AA-BD3A-A177F254A281}.AppStore|x86.ActiveCfg = Release|x86
		{C5FA83F4-1035-45AA-BD3A-A177F254A281}.AppStore|x86.Build.0 = Release|x86
		{C5FA83F4-1035-45AA-BD3A-A177F254A281}.AppStore|x86.Deploy.0 = Release|x86
		{C5FA83F4-1035-45AA-BD3A-A177F254A281}.Debug|Any CPU.ActiveCfg = Debug|Any CPU
		{C5FA83F4-1035-45AA-BD3A-A177F254A281}.Debug|Any CPU.Build.0 = Debug|Any CPU
		{C5FA83F4-1035-45AA-BD3A-A177F254A281}.Debug|Any CPU.Deploy.0 = Debug|Any CPU
		{C5FA83F4-1035-45AA-BD3A-A177F254A281}.Debug|ARM.ActiveCfg = Debug|ARM
		{C5FA83F4-1035-45AA-BD3A-A177F254A281}.Debug|ARM.Build.0 = Debug|ARM
		{C5FA83F4-1035-45AA-BD3A-A177F254A281}.Debug|ARM.Deploy.0 = Debug|ARM
		{C5FA83F4-1035-45AA-BD3A-A177F254A281}.Debug|iPhone.ActiveCfg = Debug|Any CPU
		{C5FA83F4-1035-45AA-BD3A-A177F254A281}.Debug|iPhoneSimulator.ActiveCfg = Debug|Any CPU
		{C5FA83F4-1035-45AA-BD3A-A177F254A281}.Debug|iPhoneSimulator.Build.0 = Debug|Any CPU
		{C5FA83F4-1035-45AA-BD3A-A177F254A281}.Debug|iPhoneSimulator.Deploy.0 = Debug|Any CPU
		{C5FA83F4-1035-45AA-BD3A-A177F254A281}.Debug|Mixed Platforms.ActiveCfg = Debug|x86
		{C5FA83F4-1035-45AA-BD3A-A177F254A281}.Debug|Mixed Platforms.Build.0 = Debug|x86
		{C5FA83F4-1035-45AA-BD3A-A177F254A281}.Debug|Mixed Platforms.Deploy.0 = Debug|x86
		{C5FA83F4-1035-45AA-BD3A-A177F254A281}.Debug|x64.ActiveCfg = Debug|Any CPU
		{C5FA83F4-1035-45AA-BD3A-A177F254A281}.Debug|x86.ActiveCfg = Debug|x86
		{C5FA83F4-1035-45AA-BD3A-A177F254A281}.Debug|x86.Build.0 = Debug|x86
		{C5FA83F4-1035-45AA-BD3A-A177F254A281}.Debug|x86.Deploy.0 = Debug|x86
		{C5FA83F4-1035-45AA-BD3A-A177F254A281}.Release|Any CPU.ActiveCfg = Release|Any CPU
		{C5FA83F4-1035-45AA-BD3A-A177F254A281}.Release|Any CPU.Build.0 = Release|Any CPU
		{C5FA83F4-1035-45AA-BD3A-A177F254A281}.Release|Any CPU.Deploy.0 = Release|Any CPU
		{C5FA83F4-1035-45AA-BD3A-A177F254A281}.Release|ARM.ActiveCfg = Release|ARM
		{C5FA83F4-1035-45AA-BD3A-A177F254A281}.Release|ARM.Build.0 = Release|ARM
		{C5FA83F4-1035-45AA-BD3A-A177F254A281}.Release|ARM.Deploy.0 = Release|ARM
		{C5FA83F4-1035-45AA-BD3A-A177F254A281}.Release|iPhone.ActiveCfg = Release|Any CPU
		{C5FA83F4-1035-45AA-BD3A-A177F254A281}.Release|iPhoneSimulator.ActiveCfg = Release|Any CPU
		{C5FA83F4-1035-45AA-BD3A-A177F254A281}.Release|Mixed Platforms.ActiveCfg = Release|x86
		{C5FA83F4-1035-45AA-BD3A-A177F254A281}.Release|Mixed Platforms.Build.0 = Release|x86
		{C5FA83F4-1035-45AA-BD3A-A177F254A281}.Release|Mixed Platforms.Deploy.0 = Release|x86
		{C5FA83F4-1035-45AA-BD3A-A177F254A281}.Release|x64.ActiveCfg = Release|Any CPU
		{C5FA83F4-1035-45AA-BD3A-A177F254A281}.Release|x86.ActiveCfg = Release|x86
		{C5FA83F4-1035-45AA-BD3A-A177F254A281}.Release|x86.Build.0 = Release|x86
		{C5FA83F4-1035-45AA-BD3A-A177F254A281}.Release|x86.Deploy.0 = Release|x86
		{736D3C0E-9A1E-4BD3-9606-F1F30E924DA2}.Ad-Hoc|Any CPU.ActiveCfg = Release|Any CPU
		{736D3C0E-9A1E-4BD3-9606-F1F30E924DA2}.Ad-Hoc|Any CPU.Build.0 = Release|Any CPU
		{736D3C0E-9A1E-4BD3-9606-F1F30E924DA2}.Ad-Hoc|Any CPU.Deploy.0 = Release|Any CPU
		{736D3C0E-9A1E-4BD3-9606-F1F30E924DA2}.Ad-Hoc|ARM.ActiveCfg = Release|ARM
		{736D3C0E-9A1E-4BD3-9606-F1F30E924DA2}.Ad-Hoc|ARM.Build.0 = Release|ARM
		{736D3C0E-9A1E-4BD3-9606-F1F30E924DA2}.Ad-Hoc|ARM.Deploy.0 = Release|ARM
		{736D3C0E-9A1E-4BD3-9606-F1F30E924DA2}.Ad-Hoc|iPhone.ActiveCfg = Release|Any CPU
		{736D3C0E-9A1E-4BD3-9606-F1F30E924DA2}.Ad-Hoc|iPhoneSimulator.ActiveCfg = Release|Any CPU
		{736D3C0E-9A1E-4BD3-9606-F1F30E924DA2}.Ad-Hoc|Mixed Platforms.ActiveCfg = Release|x86
		{736D3C0E-9A1E-4BD3-9606-F1F30E924DA2}.Ad-Hoc|Mixed Platforms.Build.0 = Release|x86
		{736D3C0E-9A1E-4BD3-9606-F1F30E924DA2}.Ad-Hoc|Mixed Platforms.Deploy.0 = Release|x86
		{736D3C0E-9A1E-4BD3-9606-F1F30E924DA2}.Ad-Hoc|x64.ActiveCfg = Release|x64
		{736D3C0E-9A1E-4BD3-9606-F1F30E924DA2}.Ad-Hoc|x64.Build.0 = Release|x64
		{736D3C0E-9A1E-4BD3-9606-F1F30E924DA2}.Ad-Hoc|x64.Deploy.0 = Release|x64
		{736D3C0E-9A1E-4BD3-9606-F1F30E924DA2}.Ad-Hoc|x86.ActiveCfg = Release|x86
		{736D3C0E-9A1E-4BD3-9606-F1F30E924DA2}.Ad-Hoc|x86.Build.0 = Release|x86
		{736D3C0E-9A1E-4BD3-9606-F1F30E924DA2}.Ad-Hoc|x86.Deploy.0 = Release|x86
		{736D3C0E-9A1E-4BD3-9606-F1F30E924DA2}.AppStore|Any CPU.ActiveCfg = Release|Any CPU
		{736D3C0E-9A1E-4BD3-9606-F1F30E924DA2}.AppStore|Any CPU.Build.0 = Release|Any CPU
		{736D3C0E-9A1E-4BD3-9606-F1F30E924DA2}.AppStore|Any CPU.Deploy.0 = Release|Any CPU
		{736D3C0E-9A1E-4BD3-9606-F1F30E924DA2}.AppStore|ARM.ActiveCfg = Release|ARM
		{736D3C0E-9A1E-4BD3-9606-F1F30E924DA2}.AppStore|ARM.Build.0 = Release|ARM
		{736D3C0E-9A1E-4BD3-9606-F1F30E924DA2}.AppStore|ARM.Deploy.0 = Release|ARM
		{736D3C0E-9A1E-4BD3-9606-F1F30E924DA2}.AppStore|iPhone.ActiveCfg = Release|Any CPU
		{736D3C0E-9A1E-4BD3-9606-F1F30E924DA2}.AppStore|iPhoneSimulator.ActiveCfg = Release|Any CPU
		{736D3C0E-9A1E-4BD3-9606-F1F30E924DA2}.AppStore|Mixed Platforms.ActiveCfg = Release|x86
		{736D3C0E-9A1E-4BD3-9606-F1F30E924DA2}.AppStore|Mixed Platforms.Build.0 = Release|x86
		{736D3C0E-9A1E-4BD3-9606-F1F30E924DA2}.AppStore|Mixed Platforms.Deploy.0 = Release|x86
		{736D3C0E-9A1E-4BD3-9606-F1F30E924DA2}.AppStore|x64.ActiveCfg = Release|x64
		{736D3C0E-9A1E-4BD3-9606-F1F30E924DA2}.AppStore|x64.Build.0 = Release|x64
		{736D3C0E-9A1E-4BD3-9606-F1F30E924DA2}.AppStore|x64.Deploy.0 = Release|x64
		{736D3C0E-9A1E-4BD3-9606-F1F30E924DA2}.AppStore|x86.ActiveCfg = Release|x86
		{736D3C0E-9A1E-4BD3-9606-F1F30E924DA2}.AppStore|x86.Build.0 = Release|x86
		{736D3C0E-9A1E-4BD3-9606-F1F30E924DA2}.AppStore|x86.Deploy.0 = Release|x86
		{736D3C0E-9A1E-4BD3-9606-F1F30E924DA2}.Debug|Any CPU.ActiveCfg = Debug|Any CPU
		{736D3C0E-9A1E-4BD3-9606-F1F30E924DA2}.Debug|Any CPU.Build.0 = Debug|Any CPU
		{736D3C0E-9A1E-4BD3-9606-F1F30E924DA2}.Debug|Any CPU.Deploy.0 = Debug|Any CPU
		{736D3C0E-9A1E-4BD3-9606-F1F30E924DA2}.Debug|ARM.ActiveCfg = Debug|ARM
		{736D3C0E-9A1E-4BD3-9606-F1F30E924DA2}.Debug|ARM.Build.0 = Debug|ARM
		{736D3C0E-9A1E-4BD3-9606-F1F30E924DA2}.Debug|ARM.Deploy.0 = Debug|ARM
		{736D3C0E-9A1E-4BD3-9606-F1F30E924DA2}.Debug|iPhone.ActiveCfg = Debug|Any CPU
		{736D3C0E-9A1E-4BD3-9606-F1F30E924DA2}.Debug|iPhoneSimulator.ActiveCfg = Debug|Any CPU
		{736D3C0E-9A1E-4BD3-9606-F1F30E924DA2}.Debug|iPhoneSimulator.Build.0 = Debug|Any CPU
		{736D3C0E-9A1E-4BD3-9606-F1F30E924DA2}.Debug|iPhoneSimulator.Deploy.0 = Debug|Any CPU
		{736D3C0E-9A1E-4BD3-9606-F1F30E924DA2}.Debug|Mixed Platforms.ActiveCfg = Debug|x86
		{736D3C0E-9A1E-4BD3-9606-F1F30E924DA2}.Debug|Mixed Platforms.Build.0 = Debug|x86
		{736D3C0E-9A1E-4BD3-9606-F1F30E924DA2}.Debug|Mixed Platforms.Deploy.0 = Debug|x86
		{736D3C0E-9A1E-4BD3-9606-F1F30E924DA2}.Debug|x64.ActiveCfg = Debug|x64
		{736D3C0E-9A1E-4BD3-9606-F1F30E924DA2}.Debug|x64.Build.0 = Debug|x64
		{736D3C0E-9A1E-4BD3-9606-F1F30E924DA2}.Debug|x64.Deploy.0 = Debug|x64
		{736D3C0E-9A1E-4BD3-9606-F1F30E924DA2}.Debug|x86.ActiveCfg = Debug|x86
		{736D3C0E-9A1E-4BD3-9606-F1F30E924DA2}.Debug|x86.Build.0 = Debug|x86
		{736D3C0E-9A1E-4BD3-9606-F1F30E924DA2}.Debug|x86.Deploy.0 = Debug|x86
		{736D3C0E-9A1E-4BD3-9606-F1F30E924DA2}.Release|Any CPU.ActiveCfg = Release|Any CPU
		{736D3C0E-9A1E-4BD3-9606-F1F30E924DA2}.Release|Any CPU.Build.0 = Release|Any CPU
		{736D3C0E-9A1E-4BD3-9606-F1F30E924DA2}.Release|Any CPU.Deploy.0 = Release|Any CPU
		{736D3C0E-9A1E-4BD3-9606-F1F30E924DA2}.Release|ARM.ActiveCfg = Release|ARM
		{736D3C0E-9A1E-4BD3-9606-F1F30E924DA2}.Release|ARM.Build.0 = Release|ARM
		{736D3C0E-9A1E-4BD3-9606-F1F30E924DA2}.Release|ARM.Deploy.0 = Release|ARM
		{736D3C0E-9A1E-4BD3-9606-F1F30E924DA2}.Release|iPhone.ActiveCfg = Release|Any CPU
		{736D3C0E-9A1E-4BD3-9606-F1F30E924DA2}.Release|iPhoneSimulator.ActiveCfg = Release|Any CPU
		{736D3C0E-9A1E-4BD3-9606-F1F30E924DA2}.Release|Mixed Platforms.ActiveCfg = Release|x86
		{736D3C0E-9A1E-4BD3-9606-F1F30E924DA2}.Release|Mixed Platforms.Build.0 = Release|x86
		{736D3C0E-9A1E-4BD3-9606-F1F30E924DA2}.Release|Mixed Platforms.Deploy.0 = Release|x86
		{736D3C0E-9A1E-4BD3-9606-F1F30E924DA2}.Release|x64.ActiveCfg = Release|x64
		{736D3C0E-9A1E-4BD3-9606-F1F30E924DA2}.Release|x64.Build.0 = Release|x64
		{736D3C0E-9A1E-4BD3-9606-F1F30E924DA2}.Release|x64.Deploy.0 = Release|x64
		{736D3C0E-9A1E-4BD3-9606-F1F30E924DA2}.Release|x86.ActiveCfg = Release|x86
		{736D3C0E-9A1E-4BD3-9606-F1F30E924DA2}.Release|x86.Build.0 = Release|x86
		{736D3C0E-9A1E-4BD3-9606-F1F30E924DA2}.Release|x86.Deploy.0 = Release|x86
	EndGlobalSection
	GlobalSection(SolutionProperties) = preSolution
		HideSolutionNode = FALSE
	EndGlobalSection
	GlobalSection(MonoDevelopProperties) = preSolution
		StartupItem = MvvmCrossXamarin.iOS\MvvmCrossXamarin.iOS.csproj
	EndGlobalSection
EndGlobal
