
Microsoft Visual Studio Solution File, Format Version 11.00
# Visual Studio 2010
Project("{FAE04EC0-301F-11D3-BF4B-00C04F79EFBC}") = "UploadWhatsAppData", "UploadWhatsAppData\UploadWhatsAppData.csproj", "{F280749B-6F48-45D0-82ED-9B0921DE82DC}"
EndProject
Global
	GlobalSection(SolutionConfigurationPlatforms) = preSolution
		Debug|Any CPU = Debug|Any CPU
		Release|Any CPU = Release|Any CPU
	EndGlobalSection
	GlobalSection(ProjectConfigurationPlatforms) = postSolution
		{F280749B-6F48-45D0-82ED-9B0921DE82DC}.Debug|Any CPU.ActiveCfg = Debug|Any CPU
		{F280749B-6F48-45D0-82ED-9B0921DE82DC}.Debug|Any CPU.Build.0 = Debug|Any CPU
		{F280749B-6F48-45D0-82ED-9B0921DE82DC}.Release|Any CPU.ActiveCfg = Release|Any CPU
		{F280749B-6F48-45D0-82ED-9B0921DE82DC}.Release|Any CPU.Build.0 = Release|Any CPU
	EndGlobalSection
	GlobalSection(MonoDevelopProperties) = preSolution
		StartupItem = UploadWhatsAppData\UploadWhatsAppData.csproj
	EndGlobalSection
EndGlobal
