
Microsoft Visual Studio Solution File, Format Version 11.00
# Visual Studio 2010
Project("{FAE04EC0-301F-11D3-BF4B-00C04F79EFBC}") = "FacialDetection", "FacialDetection\FacialDetection.csproj", "{38197CC6-0097-4BEC-B02D-E67BE05BFE16}"
EndProject
Global
	GlobalSection(SolutionConfigurationPlatforms) = preSolution
		Debug|Any CPU = Debug|Any CPU
		Release|Any CPU = Release|Any CPU
	EndGlobalSection
	GlobalSection(ProjectConfigurationPlatforms) = postSolution
		{38197CC6-0097-4BEC-B02D-E67BE05BFE16}.Debug|Any CPU.ActiveCfg = Debug|Any CPU
		{38197CC6-0097-4BEC-B02D-E67BE05BFE16}.Debug|Any CPU.Build.0 = Debug|Any CPU
		{38197CC6-0097-4BEC-B02D-E67BE05BFE16}.Release|Any CPU.ActiveCfg = Release|Any CPU
		{38197CC6-0097-4BEC-B02D-E67BE05BFE16}.Release|Any CPU.Build.0 = Release|Any CPU
	EndGlobalSection
	GlobalSection(MonoDevelopProperties) = preSolution
		StartupItem = FacialDetection\FacialDetection.csproj
	EndGlobalSection
EndGlobal
