
Microsoft Visual Studio Solution File, Format Version 11.00
# Visual Studio 2010
Project("{FAE04EC0-301F-11D3-BF4B-00C04F79EFBC}") = "Tablet", "Tablet\Tablet.csproj", "{6681F7A0-065E-4466-8B9E-5F08AEBF8312}"
EndProject
Global
	GlobalSection(SolutionConfigurationPlatforms) = preSolution
		Debug|Any CPU = Debug|Any CPU
		Release|Any CPU = Release|Any CPU
	EndGlobalSection
	GlobalSection(ProjectConfigurationPlatforms) = postSolution
		{6681F7A0-065E-4466-8B9E-5F08AEBF8312}.Debug|Any CPU.ActiveCfg = Debug|Any CPU
		{6681F7A0-065E-4466-8B9E-5F08AEBF8312}.Debug|Any CPU.Build.0 = Debug|Any CPU
		{6681F7A0-065E-4466-8B9E-5F08AEBF8312}.Release|Any CPU.ActiveCfg = Release|Any CPU
		{6681F7A0-065E-4466-8B9E-5F08AEBF8312}.Release|Any CPU.Build.0 = Release|Any CPU
	EndGlobalSection
	GlobalSection(MonoDevelopProperties) = preSolution
		StartupItem = Tablet\Tablet.csproj
	EndGlobalSection
EndGlobal
