
Microsoft Visual Studio Solution File, Format Version 11.00
# Visual Studio 2010
Project("{FAE04EC0-301F-11D3-BF4B-00C04F79EFBC}") = "TTSDemo", "TTSDemo\TTSDemo.csproj", "{924D500C-1B96-47F9-AC73-0AE356F36D80}"
EndProject
Global
	GlobalSection(SolutionConfigurationPlatforms) = preSolution
		Debug|Any CPU = Debug|Any CPU
		Release|Any CPU = Release|Any CPU
	EndGlobalSection
	GlobalSection(ProjectConfigurationPlatforms) = postSolution
		{924D500C-1B96-47F9-AC73-0AE356F36D80}.Debug|Any CPU.ActiveCfg = Debug|Any CPU
		{924D500C-1B96-47F9-AC73-0AE356F36D80}.Debug|Any CPU.Build.0 = Debug|Any CPU
		{924D500C-1B96-47F9-AC73-0AE356F36D80}.Release|Any CPU.ActiveCfg = Release|Any CPU
		{924D500C-1B96-47F9-AC73-0AE356F36D80}.Release|Any CPU.Build.0 = Release|Any CPU
	EndGlobalSection
	GlobalSection(MonoDevelopProperties) = preSolution
		StartupItem = TTSDemo\TTSDemo.csproj
	EndGlobalSection
EndGlobal
